// !$*UTF8*$!
{
	archiveVersion = 1;
	classes = {
	};
	objectVersion = 50;
	objects = {

/* Begin PBXBuildFile section */
		3D4FFB262490E04D0056F115 /* AppDelegate.swift in Sources */ = {isa = PBXBuildFile; fileRef = 3D4FFB252490E04D0056F115 /* AppDelegate.swift */; };
		3D4FFB282490E04D0056F115 /* SceneDelegate.swift in Sources */ = {isa = PBXBuildFile; fileRef = 3D4FFB272490E04D0056F115 /* SceneDelegate.swift */; };
		3D4FFB2D2490E04D0056F115 /* Main.storyboard in Resources */ = {isa = PBXBuildFile; fileRef = 3D4FFB2B2490E04D0056F115 /* Main.storyboard */; };
		3D4FFB2F2490E04F0056F115 /* Assets.xcassets in Resources */ = {isa = PBXBuildFile; fileRef = 3D4FFB2E2490E04F0056F115 /* Assets.xcassets */; };
		3D4FFB322490E04F0056F115 /* LaunchScreen.storyboard in Resources */ = {isa = PBXBuildFile; fileRef = 3D4FFB302490E04F0056F115 /* LaunchScreen.storyboard */; };
		3D4FFB3D2490E0F40056F115 /* CustomGridView.swift in Sources */ = {isa = PBXBuildFile; fileRef = 3D4FFB3C2490E0F40056F115 /* CustomGridView.swift */; };
		3D8A72572490ED190024DE3F /* MyTableViewController.swift in Sources */ = {isa = PBXBuildFile; fileRef = 3D8A72562490ED190024DE3F /* MyTableViewController.swift */; };
		3D8A72592490ED310024DE3F /* MyViewController.swift in Sources */ = {isa = PBXBuildFile; fileRef = 3D8A72582490ED310024DE3F /* MyViewController.swift */; };
		3D8A725B2490F6E40024DE3F /* MyTextTableViewController.swift in Sources */ = {isa = PBXBuildFile; fileRef = 3D8A725A2490F6E40024DE3F /* MyTextTableViewController.swift */; };
/* End PBXBuildFile section */

/* Begin PBXFileReference section */
		3D4FFB222490E04D0056F115 /* demo.app */ = {isa = PBXFileReference; explicitFileType = wrapper.application; includeInIndex = 0; path = demo.app; sourceTree = BUILT_PRODUCTS_DIR; };
		3D4FFB252490E04D0056F115 /* AppDelegate.swift */ = {isa = PBXFileReference; lastKnownFileType = sourcecode.swift; path = AppDelegate.swift; sourceTree = "<group>"; };
		3D4FFB272490E04D0056F115 /* SceneDelegate.swift */ = {isa = PBXFileReference; lastKnownFileType = sourcecode.swift; path = SceneDelegate.swift; sourceTree = "<group>"; };
		3D4FFB2C2490E04D0056F115 /* Base */ = {isa = PBXFileReference; lastKnownFileType = file.storyboard; name = Base; path = Base.lproj/Main.storyboard; sourceTree = "<group>"; };
		3D4FFB2E2490E04F0056F115 /* Assets.xcassets */ = {isa = PBXFileReference; lastKnownFileType = folder.assetcatalog; path = Assets.xcassets; sourceTree = "<group>"; };
		3D4FFB312490E04F0056F115 /* Base */ = {isa = PBXFileReference; lastKnownFileType = file.storyboard; name = Base; path = Base.lproj/LaunchScreen.storyboard; sourceTree = "<group>"; };
		3D4FFB332490E04F0056F115 /* Info.plist */ = {isa = PBXFileReference; lastKnownFileType = text.plist.xml; path = Info.plist; sourceTree = "<group>"; };
		3D4FFB3C2490E0F40056F115 /* CustomGridView.swift */ = {isa = PBXFileReference; lastKnownFileType = sourcecode.swift; path = CustomGridView.swift; sourceTree = "<group>"; };
		3D8A72562490ED190024DE3F /* MyTableViewController.swift */ = {isa = PBXFileReference; fileEncoding = 4; lastKnownFileType = sourcecode.swift; path = MyTableViewController.swift; sourceTree = "<group>"; };
		3D8A72582490ED310024DE3F /* MyViewController.swift */ = {isa = PBXFileReference; lastKnownFileType = sourcecode.swift; path = MyViewController.swift; sourceTree = "<group>"; };
		3D8A725A2490F6E40024DE3F /* MyTextTableViewController.swift */ = {isa = PBXFileReference; lastKnownFileType = sourcecode.swift; path = MyTextTableViewController.swift; sourceTree = "<group>"; };
/* End PBXFileReference section */

/* Begin PBXFrameworksBuildPhase section */
		3D4FFB1F2490E04D0056F115 /* Frameworks */ = {
			isa = PBXFrameworksBuildPhase;
			buildActionMask = 2147483647;
			files = (
			);
			runOnlyForDeploymentPostprocessing = 0;
		};
/* End PBXFrameworksBuildPhase section */

/* Begin PBXGroup section */
		3D4FFB192490E04D0056F115 = {
			isa = PBXGroup;
			children = (
				3D4FFB242490E04D0056F115 /* demo */,
				3D4FFB232490E04D0056F115 /* Products */,
			);
			sourceTree = "<group>";
		};
		3D4FFB232490E04D0056F115 /* Products */ = {
			isa = PBXGroup;
			children = (
				3D4FFB222490E04D0056F115 /* demo.app */,
			);
			name = Products;
			sourceTree = "<group>";
		};
		3D4FFB242490E04D0056F115 /* demo */ = {
			isa = PBXGroup;
			children = (
				3D4FFB252490E04D0056F115 /* AppDelegate.swift */,
				3D4FFB2E2490E04F0056F115 /* Assets.xcassets */,
				3D4FFB3C2490E0F40056F115 /* CustomGridView.swift */,
				3D4FFB332490E04F0056F115 /* Info.plist */,
				3D4FFB302490E04F0056F115 /* LaunchScreen.storyboard */,
				3D4FFB2B2490E04D0056F115 /* Main.storyboard */,
				3D8A72562490ED190024DE3F /* MyTableViewController.swift */,
				3D8A725A2490F6E40024DE3F /* MyTextTableViewController.swift */,
				3D8A72582490ED310024DE3F /* MyViewController.swift */,
				3D4FFB272490E04D0056F115 /* SceneDelegate.swift */,
			);
			path = demo;
			sourceTree = "<group>";
		};
/* End PBXGroup section */

/* Begin PBXNativeTarget section */
		3D4FFB212490E04D0056F115 /* demo */ = {
			isa = PBXNativeTarget;
			buildConfigurationList = 3D4FFB362490E04F0056F115 /* Build configuration list for PBXNativeTarget "demo" */;
			buildPhases = (
				3D4FFB1E2490E04D0056F115 /* Sources */,
				3D4FFB1F2490E04D0056F115 /* Frameworks */,
				3D4FFB202490E04D0056F115 /* Resources */,
			);
			buildRules = (
			);
			dependencies = (
			);
			name = demo;
			productName = demo;
			productReference = 3D4FFB222490E04D0056F115 /* demo.app */;
			productType = "com.apple.product-type.application";
		};
/* End PBXNativeTarget section */

/* Begin PBXProject section */
		3D4FFB1A2490E04D0056F115 /* Project object */ = {
			isa = PBXProject;
			attributes = {
				LastSwiftUpdateCheck = 1150;
				LastUpgradeCheck = 1150;
				ORGANIZATIONNAME = Example;
				TargetAttributes = {
					3D4FFB212490E04D0056F115 = {
						CreatedOnToolsVersion = 11.5;
					};
				};
			};
			buildConfigurationList = 3D4FFB1D2490E04D0056F115 /* Build configuration list for PBXProject "demo" */;
			compatibilityVersion = "Xcode 9.3";
			developmentRegion = en;
			hasScannedForEncodings = 0;
			knownRegions = (
				en,
				Base,
			);
			mainGroup = 3D4FFB192490E04D0056F115;
			productRefGroup = 3D4FFB232490E04D0056F115 /* Products */;
			projectDirPath = "";
			projectRoot = "";
			targets = (
				3D4FFB212490E04D0056F115 /* demo */,
			);
		};
/* End PBXProject section */

/* Begin PBXResourcesBuildPhase section */
		3D4FFB202490E04D0056F115 /* Resources */ = {
			isa = PBXResourcesBuildPhase;
			buildActionMask = 2147483647;
			files = (
				3D4FFB322490E04F0056F115 /* LaunchScreen.storyboard in Resources */,
				3D4FFB2F2490E04F0056F115 /* Assets.xcassets in Resources */,
				3D4FFB2D2490E04D0056F115 /* Main.storyboard in Resources */,
			);
			runOnlyForDeploymentPostprocessing = 0;
		};
/* End PBXResourcesBuildPhase section */

/* Begin PBXSourcesBuildPhase section */
		3D4FFB1E2490E04D0056F115 /* Sources */ = {
			isa = PBXSourcesBuildPhase;
			buildActionMask = 2147483647;
			files = (
				3D4FFB262490E04D0056F115 /* AppDelegate.swift in Sources */,
				3D4FFB282490E04D0056F115 /* SceneDelegate.swift in Sources */,
				3D8A725B2490F6E40024DE3F /* MyTextTableViewController.swift in Sources */,
				3D8A72572490ED190024DE3F /* MyTableViewController.swift in Sources */,
				3D8A72592490ED310024DE3F /* MyViewController.swift in Sources */,
				3D4FFB3D2490E0F40056F115 /* CustomGridView.swift in Sources */,
			);
			runOnlyForDeploymentPostprocessing = 0;
		};
/* End PBXSourcesBuildPhase section */

/* Begin PBXVariantGroup section */
		3D4FFB2B2490E04D0056F115 /* Main.storyboard */ = {
			isa = PBXVariantGroup;
			children = (
				3D4FFB2C2490E04D0056F115 /* Base */,
			);
			name = Main.storyboard;
			sourceTree = "<group>";
		};
		3D4FFB302490E04F0056F115 /* LaunchScreen.storyboard */ = {
			isa = PBXVariantGroup;
			children = (
				3D4FFB312490E04F0056F115 /* Base */,
			);
			name = LaunchScreen.storyboard;
			sourceTree = "<group>";
		};
/* End PBXVariantGroup section */

/* Begin XCBuildConfiguration section */
		3D4FFB342490E04F0056F115 /* Debug */ = {
			isa = XCBuildConfiguration;
			buildSettings = {
				ALWAYS_SEARCH_USER_PATHS = NO;
				CLANG_ANALYZER_NONNULL = YES;
				CLANG_ANALYZER_NUMBER_OBJECT_CONVERSION = YES_AGGRESSIVE;
				CLANG_CXX_LANGUAGE_STANDARD = "gnu++14";
				CLANG_CXX_LIBRARY = "libc++";
				CLANG_ENABLE_MODULES = YES;
				CLANG_ENABLE_OBJC_ARC = YES;
				CLANG_ENABLE_OBJC_WEAK = YES;
				CLANG_WARN_BLOCK_CAPTURE_AUTORELEASING = YES;
				CLANG_WARN_BOOL_CONVERSION = YES;
				CLANG_WARN_COMMA = YES;
				CLANG_WARN_CONSTANT_CONVERSION = YES;
				CLANG_WARN_DEPRECATED_OBJC_IMPLEMENTATIONS = YES;
				CLANG_WARN_DIRECT_OBJC_ISA_USAGE = YES_ERROR;
				CLANG_WARN_DOCUMENTATION_COMMENTS = YES;
				CLANG_WARN_EMPTY_BODY = YES;
				CLANG_WARN_ENUM_CONVERSION = YES;
				CLANG_WARN_INFINITE_RECURSION = YES;
				CLANG_WARN_INT_CONVERSION = YES;
				CLANG_WARN_NON_LITERAL_NULL_CONVERSION = YES;
				CLANG_WARN_OBJC_IMPLICIT_RETAIN_SELF = YES;
				CLANG_WARN_OBJC_LITERAL_CONVERSION = YES;
				CLANG_WARN_OBJC_ROOT_CLASS = YES_ERROR;
				CLANG_WARN_RANGE_LOOP_ANALYSIS = YES;
				CLANG_WARN_STRICT_PROTOTYPES = YES;
				CLANG_WARN_SUSPICIOUS_MOVE = YES;
				CLANG_WARN_UNGUARDED_AVAILABILITY = YES_AGGRESSIVE;
				CLANG_WARN_UNREACHABLE_CODE = YES;
				CLANG_WARN__DUPLICATE_METHOD_MATCH = YES;
				COPY_PHASE_STRIP = NO;
				DEBUG_INFORMATION_FORMAT = dwarf;
				ENABLE_STRICT_OBJC_MSGSEND = YES;
				ENABLE_TESTABILITY = YES;
				GCC_C_LANGUAGE_STANDARD = gnu11;
				GCC_DYNAMIC_NO_PIC = NO;
				GCC_NO_COMMON_BLOCKS = YES;
				GCC_OPTIMIZATION_LEVEL = 0;
				GCC_PREPROCESSOR_DEFINITIONS = (
					"DEBUG=1",
					"$(inherited)",
				);
				GCC_WARN_64_TO_32_BIT_CONVERSION = YES;
				GCC_WARN_ABOUT_RETURN_TYPE = YES_ERROR;
				GCC_WARN_UNDECLARED_SELECTOR = YES;
				GCC_WARN_UNINITIALIZED_AUTOS = YES_AGGRESSIVE;
				GCC_WARN_UNUSED_FUNCTION = YES;
				GCC_WARN_UNUSED_VARIABLE = YES;
				IPHONEOS_DEPLOYMENT_TARGET = 13.5;
				MTL_ENABLE_DEBUG_INFO = INCLUDE_SOURCE;
				MTL_FAST_MATH = YES;
				ONLY_ACTIVE_ARCH = YES;
				SDKROOT = iphoneos;
				SWIFT_ACTIVE_COMPILATION_CONDITIONS = DEBUG;
				SWIFT_OPTIMIZATION_LEVEL = "-Onone";
			};
			name = Debug;
		};
		3D4FFB352490E04F0056F115 /* Release */ = {
			isa = XCBuildConfiguration;
			buildSettings = {
				ALWAYS_SEARCH_USER_PATHS = NO;
				CLANG_ANALYZER_NONNULL = YES;
				CLANG_ANALYZER_NUMBER_OBJECT_CONVERSION = YES_AGGRESSIVE;
				CLANG_CXX_LANGUAGE_STANDARD = "gnu++14";
				CLANG_CXX_LIBRARY = "libc++";
				CLANG_ENABLE_MODULES = YES;
				CLANG_ENABLE_OBJC_ARC = YES;
				CLANG_ENABLE_OBJC_WEAK = YES;
				CLANG_WARN_BLOCK_CAPTURE_AUTORELEASING = YES;
				CLANG_WARN_BOOL_CONVERSION = YES;
				CLANG_WARN_COMMA = YES;
				CLANG_WARN_CONSTANT_CONVERSION = YES;
				CLANG_WARN_DEPRECATED_OBJC_IMPLEMENTATIONS = YES;
				CLANG_WARN_DIRECT_OBJC_ISA_USAGE = YES_ERROR;
				CLANG_WARN_DOCUMENTATION_COMMENTS = YES;
				CLANG_WARN_EMPTY_BODY = YES;
				CLANG_WARN_ENUM_CONVERSION = YES;
				CLANG_WARN_INFINITE_RECURSION = YES;
				CLANG_WARN_INT_CONVERSION = YES;
				CLANG_WARN_NON_LITERAL_NULL_CONVERSION = YES;
				CLANG_WARN_OBJC_IMPLICIT_RETAIN_SELF = YES;
				CLANG_WARN_OBJC_LITERAL_CONVERSION = YES;
				CLANG_WARN_OBJC_ROOT_CLASS = YES_ERROR;
				CLANG_WARN_RANGE_LOOP_ANALYSIS = YES;
				CLANG_WARN_STRICT_PROTOTYPES = YES;
				CLANG_WARN_SUSPICIOUS_MOVE = YES;
				CLANG_WARN_UNGUARDED_AVAILABILITY = YES_AGGRESSIVE;
				CLANG_WARN_UNREACHABLE_CODE = YES;
				CLANG_WARN__DUPLICATE_METHOD_MATCH = YES;
				COPY_PHASE_STRIP = NO;
				DEBUG_INFORMATION_FORMAT = "dwarf-with-dsym";
				ENABLE_NS_ASSERTIONS = NO;
				ENABLE_STRICT_OBJC_MSGSEND = YES;
				GCC_C_LANGUAGE_STANDARD = gnu11;
				GCC_NO_COMMON_BLOCKS = YES;
				GCC_WARN_64_TO_32_BIT_CONVERSION = YES;
				GCC_WARN_ABOUT_RETURN_TYPE = YES_ERROR;
				GCC_WARN_UNDECLARED_SELECTOR = YES;
				GCC_WARN_UNINITIALIZED_AUTOS = YES_AGGRESSIVE;
				GCC_WARN_UNUSED_FUNCTION = YES;
				GCC_WARN_UNUSED_VARIABLE = YES;
				IPHONEOS_DEPLOYMENT_TARGET = 13.5;
				MTL_ENABLE_DEBUG_INFO = NO;
				MTL_FAST_MATH = YES;
				SDKROOT = iphoneos;
				SWIFT_COMPILATION_MODE = wholemodule;
				SWIFT_OPTIMIZATION_LEVEL = "-O";
				VALIDATE_PRODUCT = YES;
			};
			name = Release;
		};
		3D4FFB372490E04F0056F115 /* Debug */ = {
			isa = XCBuildConfiguration;
			buildSettings = {
				ASSETCATALOG_COMPILER_APPICON_NAME = AppIcon;
				CODE_SIGN_STYLE = Automatic;
				DEVELOPMENT_TEAM = MWH9QP382P;
				INFOPLIST_FILE = demo/Info.plist;
				LD_RUNPATH_SEARCH_PATHS = (
					"$(inherited)",
					"@executable_path/Frameworks",
				);
				PRODUCT_BUNDLE_IDENTIFIER = dev.fatihdogan.demo;
				PRODUCT_NAME = "$(TARGET_NAME)";
				SWIFT_VERSION = 5.0;
				TARGETED_DEVICE_FAMILY = "1,2";
			};
			name = Debug;
		};
		3D4FFB382490E04F0056F115 /* Release */ = {
			isa = XCBuildConfiguration;
			buildSettings = {
				ASSETCATALOG_COMPILER_APPICON_NAME = AppIcon;
				CODE_SIGN_STYLE = Automatic;
				DEVELOPMENT_TEAM = MWH9QP382P;
				INFOPLIST_FILE = demo/Info.plist;
				LD_RUNPATH_SEARCH_PATHS = (
					"$(inherited)",
					"@executable_path/Frameworks",
				);
				PRODUCT_BUNDLE_IDENTIFIER = dev.fatihdogan.demo;
				PRODUCT_NAME = "$(TARGET_NAME)";
				SWIFT_VERSION = 5.0;
				TARGETED_DEVICE_FAMILY = "1,2";
			};
			name = Release;
		};
/* End XCBuildConfiguration section */

/* Begin XCConfigurationList section */
		3D4FFB1D2490E04D0056F115 /* Build configuration list for PBXProject "demo" */ = {
			isa = XCConfigurationList;
			buildConfigurations = (
				3D4FFB342490E04F0056F115 /* Debug */,
				3D4FFB352490E04F0056F115 /* Release */,
			);
			defaultConfigurationIsVisible = 0;
			defaultConfigurationName = Release;
		};
		3D4FFB362490E04F0056F115 /* Build configuration list for PBXNativeTarget "demo" */ = {
			isa = XCConfigurationList;
			buildConfigurations = (
				3D4FFB372490E04F0056F115 /* Debug */,
				3D4FFB382490E04F0056F115 /* Release */,
			);
			defaultConfigurationIsVisible = 0;
			defaultConfigurationName = Release;
		};
/* End XCConfigurationList section */
	};
	rootObject = 3D4FFB1A2490E04D0056F115 /* Project object */;
}
